
Microsoft Visual Studio Solution File, Format Version 12.00
# Visual Studio Version 17
VisualStudioVersion = 17.1.32328.378
MinimumVisualStudioVersion = 10.0.40219.1
Project("{FAE04EC0-301F-11D3-BF4B-00C04F79EFBC}") = "DoubleSelectionSort", "DoubleSelectionSort\DoubleSelectionSort.csproj", "{D62768C7-9903-43BD-A534-A0911C969115}"
EndProject
Global
	GlobalSection(SolutionConfigurationPlatforms) = preSolution
		Debug|Any CPU = Debug|Any CPU
		Release|Any CPU = Release|Any CPU
	EndGlobalSection
	GlobalSection(ProjectConfigurationPlatforms) = postSolution
		{D62768C7-9903-43BD-A534-A0911C969115}.Debug|Any CPU.ActiveCfg = Debug|Any CPU
		{D62768C7-9903-43BD-A534-A0911C969115}.Debug|Any CPU.Build.0 = Debug|Any CPU
		{D62768C7-9903-43BD-A534-A0911C969115}.Release|Any CPU.ActiveCfg = Release|Any CPU
		{D62768C7-9903-43BD-A534-A0911C969115}.Release|Any CPU.Build.0 = Release|Any CPU
	EndGlobalSection
	GlobalSection(SolutionProperties) = preSolution
		HideSolutionNode = FALSE
	EndGlobalSection
	GlobalSection(ExtensibilityGlobals) = postSolution
		SolutionGuid = {63416FF6-C697-400D-815B-F55F5930416A}
	EndGlobalSection
EndGlobal
